
Microsoft Visual Studio Solution File, Format Version 12.00
# Visual Studio Version 18
VisualStudioVersion = 18.4.11605.240
MinimumVisualStudioVersion = 10.0.40219.1
Project("{FAE04EC0-301F-11D3-BF4B-00C04F79EFBC}") = "BlogCore.DAL", "BlogCore.DAL\BlogCore.DAL.csproj", "{51E2846B-DC4B-4BC7-98BC-24C0F5A15BB8}"
EndProject
Project("{FAE04EC0-301F-11D3-BF4B-00C04F79EFBC}") = "BlogCore.DAL.Tests", "BlogCore.DAL.Tests\BlogCore.DAL.Tests.csproj", "{D4A70C4C-39E7-4A7E-A8D4-046AB4C87BF6}"
EndProject
Global
	GlobalSection(SolutionConfigurationPlatforms) = preSolution
		Debug|Any CPU = Debug|Any CPU
		Debug|x64 = Debug|x64
		Debug|x86 = Debug|x86
		Release|Any CPU = Release|Any CPU
		Release|x64 = Release|x64
		Release|x86 = Release|x86
	EndGlobalSection
	GlobalSection(ProjectConfigurationPlatforms) = postSolution
		{51E2846B-DC4B-4BC7-98BC-24C0F5A15BB8}.Debug|Any CPU.ActiveCfg = Debug|Any CPU
		{51E2846B-DC4B-4BC7-98BC-24C0F5A15BB8}.Debug|Any CPU.Build.0 = Debug|Any CPU
		{51E2846B-DC4B-4BC7-98BC-24C0F5A15BB8}.Debug|x64.ActiveCfg = Debug|Any CPU
		{51E2846B-DC4B-4BC7-98BC-24C0F5A15BB8}.Debug|x64.Build.0 = Debug|Any CPU
		{51E2846B-DC4B-4BC7-98BC-24C0F5A15BB8}.Debug|x86.ActiveCfg = Debug|Any CPU
		{51E2846B-DC4B-4BC7-98BC-24C0F5A15BB8}.Debug|x86.Build.0 = Debug|Any CPU
		{51E2846B-DC4B-4BC7-98BC-24C0F5A15BB8}.Release|Any CPU.ActiveCfg = Release|Any CPU
		{51E2846B-DC4B-4BC7-98BC-24C0F5A15BB8}.Release|Any CPU.Build.0 = Release|Any CPU
		{51E2846B-DC4B-4BC7-98BC-24C0F5A15BB8}.Release|x64.ActiveCfg = Release|Any CPU
		{51E2846B-DC4B-4BC7-98BC-24C0F5A15BB8}.Release|x64.Build.0 = Release|Any CPU
		{51E2846B-DC4B-4BC7-98BC-24C0F5A15BB8}.Release|x86.ActiveCfg = Release|Any CPU
		{51E2846B-DC4B-4BC7-98BC-24C0F5A15BB8}.Release|x86.Build.0 = Release|Any CPU
		{D4A70C4C-39E7-4A7E-A8D4-046AB4C87BF6}.Debug|Any CPU.ActiveCfg = Debug|Any CPU
		{D4A70C4C-39E7-4A7E-A8D4-046AB4C87BF6}.Debug|Any CPU.Build.0 = Debug|Any CPU
		{D4A70C4C-39E7-4A7E-A8D4-046AB4C87BF6}.Debug|x64.ActiveCfg = Debug|Any CPU
		{D4A70C4C-39E7-4A7E-A8D4-046AB4C87BF6}.Debug|x64.Build.0 = Debug|Any CPU
		{D4A70C4C-39E7-4A7E-A8D4-046AB4C87BF6}.Debug|x86.ActiveCfg = Debug|Any CPU
		{D4A70C4C-39E7-4A7E-A8D4-046AB4C87BF6}.Debug|x86.Build.0 = Debug|Any CPU
		{D4A70C4C-39E7-4A7E-A8D4-046AB4C87BF6}.Release|Any CPU.ActiveCfg = Release|Any CPU
		{D4A70C4C-39E7-4A7E-A8D4-046AB4C87BF6}.Release|Any CPU.Build.0 = Release|Any CPU
		{D4A70C4C-39E7-4A7E-A8D4-046AB4C87BF6}.Release|x64.ActiveCfg = Release|Any CPU
		{D4A70C4C-39E7-4A7E-A8D4-046AB4C87BF6}.Release|x64.Build.0 = Release|Any CPU
		{D4A70C4C-39E7-4A7E-A8D4-046AB4C87BF6}.Release|x86.ActiveCfg = Release|Any CPU
		{D4A70C4C-39E7-4A7E-A8D4-046AB4C87BF6}.Release|x86.Build.0 = Release|Any CPU
	EndGlobalSection
	GlobalSection(SolutionProperties) = preSolution
		HideSolutionNode = FALSE
	EndGlobalSection
	GlobalSection(ExtensibilityGlobals) = postSolution
		SolutionGuid = {A4367350-BB5B-4E0A-A9BF-0297C698E9F6}
	EndGlobalSection
EndGlobal
